// !$*UTF8*$!
{
	archiveVersion = 1;
	classes = {
	};
	objectVersion = 46;
	objects = {

/* Begin PBXBuildFile section */
		810C5C851DE811FE0075C16D /* main.cpp in Sources */ = {isa = PBXBuildFile; fileRef = 810C5C841DE811FE0075C16D /* main.cpp */; };
/* End PBXBuildFile section */

/* Begin PBXCopyFilesBuildPhase section */
		810C5C7F1DE811FE0075C16D /* CopyFiles */ = {
			isa = PBXCopyFilesBuildPhase;
			buildActionMask = 2147483647;
			dstPath = /usr/share/man/man1/;
			dstSubfolderSpec = 0;
			files = (
			);
			runOnlyForDeploymentPostprocessing = 1;
		};
/* End PBXCopyFilesBuildPhase section */

/* Begin PBXFileReference section */
		810C5C811DE811FE0075C16D /* 霍夫曼编码——数据结构 */ = {isa = PBXFileReference; explicitFileType = "compiled.mach-o.executable"; includeInIndex = 0; path = "霍夫曼编码——数据结构"; sourceTree = BUILT_PRODUCTS_DIR; };
		810C5C841DE811FE0075C16D /* main.cpp */ = {isa = PBXFileReference; lastKnownFileType = sourcecode.cpp.cpp; path = main.cpp; sourceTree = "<group>"; };
/* End PBXFileReference section */

/* Begin PBXFrameworksBuildPhase section */
		810C5C7E1DE811FE0075C16D /* Frameworks */ = {
			isa = PBXFrameworksBuildPhase;
			buildActionMask = 2147483647;
			files = (
			);
			runOnlyForDeploymentPostprocessing = 0;
		};
/* End PBXFrameworksBuildPhase section */

/* Begin PBXGroup section */
		810C5C781DE811FE0075C16D = {
			isa = PBXGroup;
			children = (
				810C5C831DE811FE0075C16D /* 霍夫曼编码——数据结构 */,
				810C5C821DE811FE0075C16D /* Products */,
			);
			sourceTree = "<group>";
		};
		810C5C821DE811FE0075C16D /* Products */ = {
			isa = PBXGroup;
			children = (
				810C5C811DE811FE0075C16D /* 霍夫曼编码——数据结构 */,
			);
			name = Products;
			sourceTree = "<group>";
		};
		810C5C831DE811FE0075C16D /* 霍夫曼编码——数据结构 */ = {
			isa = PBXGroup;
			children = (
				810C5C841DE811FE0075C16D /* main.cpp */,
			);
			path = "霍夫曼编码——数据结构";
			sourceTree = "<group>";
		};
/* End PBXGroup section */

/* Begin PBXNativeTarget section */
		810C5C801DE811FE0075C16D /* 霍夫曼编码——数据结构 */ = {
			isa = PBXNativeTarget;
			buildConfigurationList = 810C5C881DE811FE0075C16D /* Build configuration list for PBXNativeTarget "霍夫曼编码——数据结构" */;
			buildPhases = (
				810C5C7D1DE811FE0075C16D /* Sources */,
				810C5C7E1DE811FE0075C16D /* Frameworks */,
				810C5C7F1DE811FE0075C16D /* CopyFiles */,
			);
			buildRules = (
			);
			dependencies = (
			);
			name = "霍夫曼编码——数据结构";
			productName = "霍夫曼编码——数据结构";
			productReference = 810C5C811DE811FE0075C16D /* 霍夫曼编码——数据结构 */;
			productType = "com.apple.product-type.tool";
		};
/* End PBXNativeTarget section */

/* Begin PBXProject section */
		810C5C791DE811FE0075C16D /* Project object */ = {
			isa = PBXProject;
			attributes = {
				LastUpgradeCheck = 0810;
				ORGANIZATIONNAME = Inno;
				TargetAttributes = {
					810C5C801DE811FE0075C16D = {
						CreatedOnToolsVersion = 8.1;
						DevelopmentTeam = 58V37E7U98;
						ProvisioningStyle = Automatic;
					};
				};
			};
			buildConfigurationList = 810C5C7C1DE811FE0075C16D /* Build configuration list for PBXProject "霍夫曼编码——数据结构" */;
			compatibilityVersion = "Xcode 3.2";
			developmentRegion = English;
			hasScannedForEncodings = 0;
			knownRegions = (
				en,
			);
			mainGroup = 810C5C781DE811FE0075C16D;
			productRefGroup = 810C5C821DE811FE0075C16D /* Products */;
			projectDirPath = "";
			projectRoot = "";
			targets = (
				810C5C801DE811FE0075C16D /* 霍夫曼编码——数据结构 */,
			);
		};
/* End PBXProject section */

/* Begin PBXSourcesBuildPhase section */
		810C5C7D1DE811FE0075C16D /* Sources */ = {
			isa = PBXSourcesBuildPhase;
			buildActionMask = 2147483647;
			files = (
				810C5C851DE811FE0075C16D /* main.cpp in Sources */,
			);
			runOnlyForDeploymentPostprocessing = 0;
		};
/* End PBXSourcesBuildPhase section */

/* Begin XCBuildConfiguration section */
		810C5C861DE811FE0075C16D /* Debug */ = {
			isa = XCBuildConfiguration;
			buildSettings = {
				ALWAYS_SEARCH_USER_PATHS = NO;
				CLANG_ANALYZER_NONNULL = YES;
				CLANG_CXX_LANGUAGE_STANDARD = "gnu++0x";
				CLANG_CXX_LIBRARY = "libc++";
				CLANG_ENABLE_MODULES = YES;
				CLANG_ENABLE_OBJC_ARC = YES;
				CLANG_WARN_BOOL_CONVERSION = YES;
				CLANG_WARN_CONSTANT_CONVERSION = YES;
				CLANG_WARN_DIRECT_OBJC_ISA_USAGE = YES_ERROR;
				CLANG_WARN_DOCUMENTATION_COMMENTS = YES;
				CLANG_WARN_EMPTY_BODY = YES;
				CLANG_WARN_ENUM_CONVERSION = YES;
				CLANG_WARN_INFINITE_RECURSION = YES;
				CLANG_WARN_INT_CONVERSION = YES;
				CLANG_WARN_OBJC_ROOT_CLASS = YES_ERROR;
				CLANG_WARN_SUSPICIOUS_MOVES = YES;
				CLANG_WARN_UNREACHABLE_CODE = YES;
				CLANG_WARN__DUPLICATE_METHOD_MATCH = YES;
				CODE_SIGN_IDENTITY = "-";
				COPY_PHASE_STRIP = NO;
				DEBUG_INFORMATION_FORMAT = dwarf;
				ENABLE_STRICT_OBJC_MSGSEND = YES;
				ENABLE_TESTABILITY = YES;
				GCC_C_LANGUAGE_STANDARD = gnu99;
				GCC_DYNAMIC_NO_PIC = NO;
				GCC_NO_COMMON_BLOCKS = YES;
				GCC_OPTIMIZATION_LEVEL = 0;
				GCC_PREPROCESSOR_DEFINITIONS = (
					"DEBUG=1",
					"$(inherited)",
				);
				GCC_WARN_64_TO_32_BIT_CONVERSION = YES;
				GCC_WARN_ABOUT_RETURN_TYPE = YES_ERROR;
				GCC_WARN_UNDECLARED_SELECTOR = YES;
				GCC_WARN_UNINITIALIZED_AUTOS = YES_AGGRESSIVE;
				GCC_WARN_UNUSED_FUNCTION = YES;
				GCC_WARN_UNUSED_VARIABLE = YES;
				MACOSX_DEPLOYMENT_TARGET = 10.12;
				MTL_ENABLE_DEBUG_INFO = YES;
				ONLY_ACTIVE_ARCH = YES;
				SDKROOT = macosx;
			};
			name = Debug;
		};
		810C5C871DE811FE0075C16D /* Release */ = {
			isa = XCBuildConfiguration;
			buildSettings = {
				ALWAYS_SEARCH_USER_PATHS = NO;
				CLANG_ANALYZER_NONNULL = YES;
				CLANG_CXX_LANGUAGE_STANDARD = "gnu++0x";
				CLANG_CXX_LIBRARY = "libc++";
				CLANG_ENABLE_MODULES = YES;
				CLANG_ENABLE_OBJC_ARC = YES;
				CLANG_WARN_BOOL_CONVERSION = YES;
				CLANG_WARN_CONSTANT_CONVERSION = YES;
				CLANG_WARN_DIRECT_OBJC_ISA_USAGE = YES_ERROR;
				CLANG_WARN_DOCUMENTATION_COMMENTS = YES;
				CLANG_WARN_EMPTY_BODY = YES;
				CLANG_WARN_ENUM_CONVERSION = YES;
				CLANG_WARN_INFINITE_RECURSION = YES;
				CLANG_WARN_INT_CONVERSION = YES;
				CLANG_WARN_OBJC_ROOT_CLASS = YES_ERROR;
				CLANG_WARN_SUSPICIOUS_MOVES = YES;
				CLANG_WARN_UNREACHABLE_CODE = YES;
				CLANG_WARN__DUPLICATE_METHOD_MATCH = YES;
				CODE_SIGN_IDENTITY = "-";
				COPY_PHASE_STRIP = NO;
				DEBUG_INFORMATION_FORMAT = "dwarf-with-dsym";
				ENABLE_NS_ASSERTIONS = NO;
				ENABLE_STRICT_OBJC_MSGSEND = YES;
				GCC_C_LANGUAGE_STANDARD = gnu99;
				GCC_NO_COMMON_BLOCKS = YES;
				GCC_WARN_64_TO_32_BIT_CONVERSION = YES;
				GCC_WARN_ABOUT_RETURN_TYPE = YES_ERROR;
				GCC_WARN_UNDECLARED_SELECTOR = YES;
				GCC_WARN_UNINITIALIZED_AUTOS = YES_AGGRESSIVE;
				GCC_WARN_UNUSED_FUNCTION = YES;
				GCC_WARN_UNUSED_VARIABLE = YES;
				MACOSX_DEPLOYMENT_TARGET = 10.12;
				MTL_ENABLE_DEBUG_INFO = NO;
				SDKROOT = macosx;
			};
			name = Release;
		};
		810C5C891DE811FE0075C16D /* Debug */ = {
			isa = XCBuildConfiguration;
			buildSettings = {
				DEVELOPMENT_TEAM = 58V37E7U98;
				PRODUCT_NAME = "$(TARGET_NAME)";
			};
			name = Debug;
		};
		810C5C8A1DE811FE0075C16D /* Release */ = {
			isa = XCBuildConfiguration;
			buildSettings = {
				DEVELOPMENT_TEAM = 58V37E7U98;
				PRODUCT_NAME = "$(TARGET_NAME)";
			};
			name = Release;
		};
/* End XCBuildConfiguration section */

/* Begin XCConfigurationList section */
		810C5C7C1DE811FE0075C16D /* Build configuration list for PBXProject "霍夫曼编码——数据结构" */ = {
			isa = XCConfigurationList;
			buildConfigurations = (
				810C5C861DE811FE0075C16D /* Debug */,
				810C5C871DE811FE0075C16D /* Release */,
			);
			defaultConfigurationIsVisible = 0;
			defaultConfigurationName = Release;
		};
		810C5C881DE811FE0075C16D /* Build configuration list for PBXNativeTarget "霍夫曼编码——数据结构" */ = {
			isa = XCConfigurationList;
			buildConfigurations = (
				810C5C891DE811FE0075C16D /* Debug */,
				810C5C8A1DE811FE0075C16D /* Release */,
			);
			defaultConfigurationIsVisible = 0;
		};
/* End XCConfigurationList section */
	};
	rootObject = 810C5C791DE811FE0075C16D /* Project object */;
}
